schema: '2.0'
stages:
  fetch:
    cmd: python -m src.fetch
    deps:
    - path: src/config.py
      hash: md5
      md5: fc2d31c0cd4ff2078903de2e3738a8c1
      size: 1586
    - path: src/fetch.py
      hash: md5
      md5: 131718e7f3314f4d95714fdbed808800
      size: 1566
    params:
      params.yaml:
        collect.source:
          url: 
            https://huggingface.co/api/datasets/gfissore/arxiv-abstracts-2021/parquet/default/train/0.parquet
          sha256: 
            1598a0077f5e8090a732e60de399e5bcde12a0d9adb624126939afdd2f4d9790
          path: source/arxiv_abstracts_0.parquet
    outs:
    - path: source/arxiv_abstracts_0.parquet
      hash: md5
      md5: b435addea9582339a890bcdabb8a0e00
      size: 302268969
  collect:
    cmd: python -m src.collect
    deps:
    - path: source/arxiv_abstracts_0.parquet
      hash: md5
      md5: b435addea9582339a890bcdabb8a0e00
      size: 302268969
    - path: src/collect.py
      hash: md5
      md5: a1073bd31f304dd9cefe6409e481d4b9
      size: 8094
    - path: src/config.py
      hash: md5
      md5: fc2d31c0cd4ff2078903de2e3738a8c1
      size: 1586
    - path: src/textnorm.py
      hash: md5
      md5: c7e2f072fe9cc4d2b5af76f5c360c6c0
      size: 1844
    params:
      params.yaml:
        collect:
          version: v1
          source:
            url: 
              https://huggingface.co/api/datasets/gfissore/arxiv-abstracts-2021/parquet/default/train/0.parquet
            sha256: 
              1598a0077f5e8090a732e60de399e5bcde12a0d9adb624126939afdd2f4d9790
            path: source/arxiv_abstracts_0.parquet
          versions:
            v1:
              years:
              - 2007
              - 2009
            v2:
              years:
              - 2007
              - 2012
          archives:
          - cs
          - math
          - stat
          sample_share: 0.5
          min_abstract_chars: 200
          drop_withdrawn: true
          drop_derivative_titles: true
          drop_title_in_abstract: true
          system_prompts:
          - You are a scientific editor. Read the abstract of a research paper 
            and write a title for it. Reply with the title only.
          - Given the abstract of an arXiv paper, produce a concise, informative
            title. Output only the title, with no quotes or explanations.
          - 'Task: title generation. The user message contains the abstract of a paper.
            Answer with a single line: the title the authors could have given it.'
          - You help researchers name their papers. Based on the abstract below,
            suggest one title in the style of arXiv. Do not add anything except 
            the title.
          - Write the title of the scientific paper whose abstract is provided. 
            Keep it specific to the content of the abstract and return just the 
            title.
        paths.metrics_collect: metrics/collect.json
        paths.raw: data/raw.jsonl
    outs:
    - path: data/raw.jsonl
      hash: md5
      md5: 3edf0fa2ff0c422177159d45a65d8d41
      size: 21667105
    - path: metrics/collect.json
      hash: md5
      md5: 181b8138f29b310f720379a21b4c4fe4
      size: 492
  clean:
    cmd: python -m src.clean
    deps:
    - path: data/raw.jsonl
      hash: md5
      md5: 3edf0fa2ff0c422177159d45a65d8d41
      size: 21667105
    - path: src/clean.py
      hash: md5
      md5: f1ea800bfbc6def1061520101d618f81
      size: 4598
    - path: src/config.py
      hash: md5
      md5: fc2d31c0cd4ff2078903de2e3738a8c1
      size: 1586
    - path: src/dedup.py
      hash: md5
      md5: fde80d28430f1612c4cbb7f0fdcc1f4d
      size: 2757
    - path: src/pii.py
      hash: md5
      md5: bd1fc8dbe5fb2c5a04f19d288925ab80
      size: 2574
    - path: src/schema.py
      hash: md5
      md5: ad834fcb5caa483d3d5d5bfabb433cc0
      size: 3054
    - path: src/textnorm.py
      hash: md5
      md5: c7e2f072fe9cc4d2b5af76f5c360c6c0
      size: 1844
    params:
      params.yaml:
        clean:
          min_user_chars: 30
          max_user_chars: 4000
          min_assistant_chars: 2
          near_dup:
            enabled: true
            shingle_words: 4
            num_perm: 64
            threshold: 0.85
          pii:
            enabled: true
        paths.clean: data/clean.jsonl
        paths.metrics_clean: metrics/clean.json
        paths.raw: data/raw.jsonl
    outs:
    - path: data/clean.jsonl
      hash: md5
      md5: 7a35539c06c4d47cd9c8f56e71859b34
      size: 21653020
    - path: metrics/clean.json
      hash: md5
      md5: 92b1a817b7ee87ad50b823c1afa341db
      size: 447
  diversity:
    cmd: python -m src.diversity
    deps:
    - path: data/clean.jsonl
      hash: md5
      md5: 7a35539c06c4d47cd9c8f56e71859b34
      size: 21653020
    - path: src/config.py
      hash: md5
      md5: fc2d31c0cd4ff2078903de2e3738a8c1
      size: 1586
    - path: src/diversity.py
      hash: md5
      md5: f19f0f390ce1041693ecfad4045f4f6a
      size: 6550
    - path: src/schema.py
      hash: md5
      md5: ad834fcb5caa483d3d5d5bfabb433cc0
      size: 3054
    - path: src/stats.py
      hash: md5
      md5: a54925032eff4769647b5775d72dd423
      size: 2222
    - path: src/textnorm.py
      hash: md5
      md5: c7e2f072fe9cc4d2b5af76f5c360c6c0
      size: 1844
    params:
      params.yaml:
        diversity:
          min_examples: 1000
          min_system_prompts: 3
          min_groups: 50
          max_group_share: 0.1
          min_answer_len_ratio: 1.6
          max_same_length_share: 0.25
          max_duplicate_answer_share: 0.3
        paths.clean: data/clean.jsonl
        split.group_key: topic
    outs:
    - path: metrics/diversity.json
      hash: md5
      md5: 6b775b6f21904806fadbfb49f602d4ac
      size: 644
  split:
    cmd: python -m src.split
    deps:
    - path: data/clean.jsonl
      hash: md5
      md5: 7a35539c06c4d47cd9c8f56e71859b34
      size: 21653020
    - path: src/config.py
      hash: md5
      md5: fc2d31c0cd4ff2078903de2e3738a8c1
      size: 1586
    - path: src/contamination.py
      hash: md5
      md5: 9293919fc5964067833313514c6f9f2b
      size: 2249
    - path: src/dedup.py
      hash: md5
      md5: fde80d28430f1612c4cbb7f0fdcc1f4d
      size: 2757
    - path: src/schema.py
      hash: md5
      md5: ad834fcb5caa483d3d5d5bfabb433cc0
      size: 3054
    - path: src/split.py
      hash: md5
      md5: 014daeb9b0091a99f0a2b55eaa135461
      size: 4855
    - path: src/textnorm.py
      hash: md5
      md5: c7e2f072fe9cc4d2b5af76f5c360c6c0
      size: 1844
    params:
      params.yaml:
        clean.near_dup:
          enabled: true
          shingle_words: 4
          num_perm: 64
          threshold: 0.85
        contamination:
          threshold: 0.85
        paths.clean: data/clean.jsonl
        paths.test: data/test.jsonl
        paths.train: data/train.jsonl
        paths.val: data/val.jsonl
        split:
          group_key: topic
          ratios:
            train: 0.8
            val: 0.1
            test: 0.1
          seed: 42
          max_eval_group_share: 0.25
    outs:
    - path: data/test.jsonl
      hash: md5
      md5: b7791d7b71c49ebbdae26ae6523bc328
      size: 2403286
    - path: data/train.jsonl
      hash: md5
      md5: a67daffe919bc247a30cd55761e88fab
      size: 17020864
    - path: data/val.jsonl
      hash: md5
      md5: cb5e950dc61e7b3bf128f03f70c0cf59
      size: 2228870
    - path: metrics/split.json
      hash: md5
      md5: c777c025c9d077075822bf0694eec104
      size: 644
  contamination:
    cmd: python scripts/check_contamination.py
    deps:
    - path: data/test.jsonl
      hash: md5
      md5: b7791d7b71c49ebbdae26ae6523bc328
      size: 2403286
    - path: data/train.jsonl
      hash: md5
      md5: a67daffe919bc247a30cd55761e88fab
      size: 17020864
    - path: scripts/check_contamination.py
      hash: md5
      md5: 1f89936035beebc83ab7b780ae461b9b
      size: 1956
      isexec: true
    - path: src/config.py
      hash: md5
      md5: fc2d31c0cd4ff2078903de2e3738a8c1
      size: 1586
    - path: src/contamination.py
      hash: md5
      md5: 9293919fc5964067833313514c6f9f2b
      size: 2249
    - path: src/dedup.py
      hash: md5
      md5: fde80d28430f1612c4cbb7f0fdcc1f4d
      size: 2757
    - path: src/schema.py
      hash: md5
      md5: ad834fcb5caa483d3d5d5bfabb433cc0
      size: 3054
    - path: src/textnorm.py
      hash: md5
      md5: c7e2f072fe9cc4d2b5af76f5c360c6c0
      size: 1844
    params:
      params.yaml:
        clean.near_dup:
          enabled: true
          shingle_words: 4
          num_perm: 64
          threshold: 0.85
        contamination:
          threshold: 0.85
        paths.test: data/test.jsonl
        paths.train: data/train.jsonl
